
Microsoft Visual Studio Solution File, Format Version 12.00
# Visual Studio 15
VisualStudioVersion = 15.0.28010.2048
MinimumVisualStudioVersion = 10.0.40219.1
Project("{9A19103F-16F7-4668-BE54-9A1E7A4F7556}") = "exp-bullseye", "exp-bullseye.csproj", "{1826DD93-FE0F-4D49-A00E-136A002DE807}"
EndProject
Global
	GlobalSection(SolutionConfigurationPlatforms) = preSolution
		Debug|Any CPU = Debug|Any CPU
		Release|Any CPU = Release|Any CPU
	EndGlobalSection
	GlobalSection(ProjectConfigurationPlatforms) = postSolution
		{1826DD93-FE0F-4D49-A00E-136A002DE807}.Debug|Any CPU.ActiveCfg = Debug|Any CPU
		{1826DD93-FE0F-4D49-A00E-136A002DE807}.Debug|Any CPU.Build.0 = Debug|Any CPU
		{1826DD93-FE0F-4D49-A00E-136A002DE807}.Release|Any CPU.ActiveCfg = Release|Any CPU
		{1826DD93-FE0F-4D49-A00E-136A002DE807}.Release|Any CPU.Build.0 = Release|Any CPU
	EndGlobalSection
	GlobalSection(SolutionProperties) = preSolution
		HideSolutionNode = FALSE
	EndGlobalSection
	GlobalSection(ExtensibilityGlobals) = postSolution
		SolutionGuid = {CE98ACE3-60C6-4834-95DD-93F8BD36C281}
	EndGlobalSection
EndGlobal
